
Microsoft Visual Studio Solution File, Format Version 12.00
# Visual Studio Version 16
VisualStudioVersion = 16.0.29728.190
MinimumVisualStudioVersion = 10.0.40219.1
Project("{FAE04EC0-301F-11D3-BF4B-00C04F79EFBC}") = "EFCore", "EFCore\EFCore.csproj", "{3EE4D5CA-1796-4A51-BAF0-CF0F8DD68D76}"
EndProject
Global
	GlobalSection(SolutionConfigurationPlatforms) = preSolution
		Debug|Any CPU = Debug|Any CPU
		Release|Any CPU = Release|Any CPU
	EndGlobalSection
	GlobalSection(ProjectConfigurationPlatforms) = postSolution
		{3EE4D5CA-1796-4A51-BAF0-CF0F8DD68D76}.Debug|Any CPU.ActiveCfg = Debug|Any CPU
		{3EE4D5CA-1796-4A51-BAF0-CF0F8DD68D76}.Debug|Any CPU.Build.0 = Debug|Any CPU
		{3EE4D5CA-1796-4A51-BAF0-CF0F8DD68D76}.Release|Any CPU.ActiveCfg = Release|Any CPU
		{3EE4D5CA-1796-4A51-BAF0-CF0F8DD68D76}.Release|Any CPU.Build.0 = Release|Any CPU
	EndGlobalSection
	GlobalSection(SolutionProperties) = preSolution
		HideSolutionNode = FALSE
	EndGlobalSection
	GlobalSection(ExtensibilityGlobals) = postSolution
		SolutionGuid = {2134B5C5-76BB-470B-85A6-00C2C5F070A1}
	EndGlobalSection
EndGlobal
